
Microsoft Visual Studio Solution File, Format Version 12.00
# Visual Studio Version 17
VisualStudioVersion = 17.0.31912.275
MinimumVisualStudioVersion = 10.0.40219.1
Project("{9A19103F-16F7-4668-BE54-9A1E7A4F7556}") = "Day01_CalorieCounting", "Day01_CalorieCounting\Day01_CalorieCounting.csproj", "{B439DB81-C01D-40DA-95C0-192BD818DDB4}"
EndProject
Project("{9A19103F-16F7-4668-BE54-9A1E7A4F7556}") = "Day02_RockPaperScissors", "Day02_RockPaperScissors\Day02_RockPaperScissors.csproj", "{FD9E6C6E-1B68-427C-B4AB-4CAB522C734A}"
EndProject
Project("{9A19103F-16F7-4668-BE54-9A1E7A4F7556}") = "Day03_RucksackReorganization", "Day03_RucksackReorganization\Day03_RucksackReorganization.csproj", "{B8D0EE3D-B4BB-49C1-8D1C-E321DFE76058}"
EndProject
Project("{9A19103F-16F7-4668-BE54-9A1E7A4F7556}") = "Day04_CampCleanup", "Day04_CampCleanup\Day04_CampCleanup.csproj", "{1B5E7644-9603-4CD5-92CC-B26F0236EE8D}"
EndProject
Project("{9A19103F-16F7-4668-BE54-9A1E7A4F7556}") = "Day05_SupplyStacks", "Day05_SupplyStacks\Day05_SupplyStacks.csproj", "{DA002045-EB43-4D09-ADF1-8735C91684C1}"
EndProject
Project("{9A19103F-16F7-4668-BE54-9A1E7A4F7556}") = "Day06_TuningTrouble", "Day06_TuningTrouble\Day06_TuningTrouble.csproj", "{4DC74C97-0979-48AB-902C-65A9270E034A}"
EndProject
Project("{9A19103F-16F7-4668-BE54-9A1E7A4F7556}") = "Day07_NoSpaceLeftOnDevice", "Day07_NoSpaceLeftOnDevice\Day07_NoSpaceLeftOnDevice.csproj", "{22599FAB-E82E-485F-820A-9C30E3706355}"
EndProject
Project("{9A19103F-16F7-4668-BE54-9A1E7A4F7556}") = "Day08_TreetopTreeHouse", "Day08_TreetopTreeHouse\Day08_TreetopTreeHouse.csproj", "{209BE790-7C6B-442E-8383-7246D15B383D}"
EndProject
Project("{FAE04EC0-301F-11D3-BF4B-00C04F79EFBC}") = "Day09_RopeBridge", "Day09_RopeBridge\Day09_RopeBridge.csproj", "{EB4CB70D-E668-4472-9221-D8C25C554573}"
EndProject
Global
	GlobalSection(SolutionConfigurationPlatforms) = preSolution
		Debug|Any CPU = Debug|Any CPU
		Release|Any CPU = Release|Any CPU
	EndGlobalSection
	GlobalSection(ProjectConfigurationPlatforms) = postSolution
		{B439DB81-C01D-40DA-95C0-192BD818DDB4}.Debug|Any CPU.ActiveCfg = Debug|Any CPU
		{B439DB81-C01D-40DA-95C0-192BD818DDB4}.Debug|Any CPU.Build.0 = Debug|Any CPU
		{B439DB81-C01D-40DA-95C0-192BD818DDB4}.Release|Any CPU.ActiveCfg = Release|Any CPU
		{B439DB81-C01D-40DA-95C0-192BD818DDB4}.Release|Any CPU.Build.0 = Release|Any CPU
		{FD9E6C6E-1B68-427C-B4AB-4CAB522C734A}.Debug|Any CPU.ActiveCfg = Debug|Any CPU
		{FD9E6C6E-1B68-427C-B4AB-4CAB522C734A}.Debug|Any CPU.Build.0 = Debug|Any CPU
		{FD9E6C6E-1B68-427C-B4AB-4CAB522C734A}.Release|Any CPU.ActiveCfg = Release|Any CPU
		{FD9E6C6E-1B68-427C-B4AB-4CAB522C734A}.Release|Any CPU.Build.0 = Release|Any CPU
		{B8D0EE3D-B4BB-49C1-8D1C-E321DFE76058}.Debug|Any CPU.ActiveCfg = Debug|Any CPU
		{B8D0EE3D-B4BB-49C1-8D1C-E321DFE76058}.Debug|Any CPU.Build.0 = Debug|Any CPU
		{B8D0EE3D-B4BB-49C1-8D1C-E321DFE76058}.Release|Any CPU.ActiveCfg = Release|Any CPU
		{B8D0EE3D-B4BB-49C1-8D1C-E321DFE76058}.Release|Any CPU.Build.0 = Release|Any CPU
		{1B5E7644-9603-4CD5-92CC-B26F0236EE8D}.Debug|Any CPU.ActiveCfg = Debug|Any CPU
		{1B5E7644-9603-4CD5-92CC-B26F0236EE8D}.Debug|Any CPU.Build.0 = Debug|Any CPU
		{1B5E7644-9603-4CD5-92CC-B26F0236EE8D}.Release|Any CPU.ActiveCfg = Release|Any CPU
		{1B5E7644-9603-4CD5-92CC-B26F0236EE8D}.Release|Any CPU.Build.0 = Release|Any CPU
		{DA002045-EB43-4D09-ADF1-8735C91684C1}.Debug|Any CPU.ActiveCfg = Debug|Any CPU
		{DA002045-EB43-4D09-ADF1-8735C91684C1}.Debug|Any CPU.Build.0 = Debug|Any CPU
		{DA002045-EB43-4D09-ADF1-8735C91684C1}.Release|Any CPU.ActiveCfg = Release|Any CPU
		{DA002045-EB43-4D09-ADF1-8735C91684C1}.Release|Any CPU.Build.0 = Release|Any CPU
		{4DC74C97-0979-48AB-902C-65A9270E034A}.Debug|Any CPU.ActiveCfg = Debug|Any CPU
		{4DC74C97-0979-48AB-902C-65A9270E034A}.Debug|Any CPU.Build.0 = Debug|Any CPU
		{4DC74C97-0979-48AB-902C-65A9270E034A}.Release|Any CPU.ActiveCfg = Release|Any CPU
		{4DC74C97-0979-48AB-902C-65A9270E034A}.Release|Any CPU.Build.0 = Release|Any CPU
		{22599FAB-E82E-485F-820A-9C30E3706355}.Debug|Any CPU.ActiveCfg = Debug|Any CPU
		{22599FAB-E82E-485F-820A-9C30E3706355}.Debug|Any CPU.Build.0 = Debug|Any CPU
		{22599FAB-E82E-485F-820A-9C30E3706355}.Release|Any CPU.ActiveCfg = Release|Any CPU
		{22599FAB-E82E-485F-820A-9C30E3706355}.Release|Any CPU.Build.0 = Release|Any CPU
		{209BE790-7C6B-442E-8383-7246D15B383D}.Debug|Any CPU.ActiveCfg = Debug|Any CPU
		{209BE790-7C6B-442E-8383-7246D15B383D}.Debug|Any CPU.Build.0 = Debug|Any CPU
		{209BE790-7C6B-442E-8383-7246D15B383D}.Release|Any CPU.ActiveCfg = Release|Any CPU
		{209BE790-7C6B-442E-8383-7246D15B383D}.Release|Any CPU.Build.0 = Release|Any CPU
		{EB4CB70D-E668-4472-9221-D8C25C554573}.Debug|Any CPU.ActiveCfg = Debug|Any CPU
		{EB4CB70D-E668-4472-9221-D8C25C554573}.Debug|Any CPU.Build.0 = Debug|Any CPU
		{EB4CB70D-E668-4472-9221-D8C25C554573}.Release|Any CPU.ActiveCfg = Release|Any CPU
		{EB4CB70D-E668-4472-9221-D8C25C554573}.Release|Any CPU.Build.0 = Release|Any CPU
	EndGlobalSection
	GlobalSection(SolutionProperties) = preSolution
		HideSolutionNode = FALSE
	EndGlobalSection
	GlobalSection(ExtensibilityGlobals) = postSolution
		SolutionGuid = {1FDF4272-F6CA-4E4E-9039-79ECD52CA03F}
	EndGlobalSection
EndGlobal
